
Microsoft Visual Studio Solution File, Format Version 12.00
# Visual Studio Version 17
VisualStudioVersion = 17.7.34024.191
MinimumVisualStudioVersion = 10.0.40219.1
Project("{9A19103F-16F7-4668-BE54-9A1E7A4F7556}") = "MyAppMVC", "MyAppMVC\MyAppMVC.csproj", "{ADE3B9EB-9AA9-435E-A0EB-AB32BA0723D5}"
EndProject
Global
	GlobalSection(SolutionConfigurationPlatforms) = preSolution
		Debug|Any CPU = Debug|Any CPU
		Release|Any CPU = Release|Any CPU
	EndGlobalSection
	GlobalSection(ProjectConfigurationPlatforms) = postSolution
		{ADE3B9EB-9AA9-435E-A0EB-AB32BA0723D5}.Debug|Any CPU.ActiveCfg = Debug|Any CPU
		{ADE3B9EB-9AA9-435E-A0EB-AB32BA0723D5}.Debug|Any CPU.Build.0 = Debug|Any CPU
		{ADE3B9EB-9AA9-435E-A0EB-AB32BA0723D5}.Release|Any CPU.ActiveCfg = Release|Any CPU
		{ADE3B9EB-9AA9-435E-A0EB-AB32BA0723D5}.Release|Any CPU.Build.0 = Release|Any CPU
	EndGlobalSection
	GlobalSection(SolutionProperties) = preSolution
		HideSolutionNode = FALSE
	EndGlobalSection
	GlobalSection(ExtensibilityGlobals) = postSolution
		SolutionGuid = {3997D2F8-F58D-4EA0-B617-8001FD9656C3}
	EndGlobalSection
EndGlobal
